Microsoft Visual Studio Solution File, Format Version 12.00
# Visual Studio Version 17
VisualStudioVersion = 17.5.2.0
MinimumVisualStudioVersion = 10.0.40219.1
Project("{FAE04EC0-301F-11D3-BF4B-00C04F79EFBC}") = "StringsDate", "StringsDate.csproj", "{8E566F49-F70A-32FE-CAD3-AE32FCCF65F8}"
EndProject
Global
	GlobalSection(SolutionConfigurationPlatforms) = preSolution
		Debug|Any CPU = Debug|Any CPU
		Release|Any CPU = Release|Any CPU
	EndGlobalSection
	GlobalSection(ProjectConfigurationPlatforms) = postSolution
		{8E566F49-F70A-32FE-CAD3-AE32FCCF65F8}.Debug|Any CPU.ActiveCfg = Debug|Any CPU
		{8E566F49-F70A-32FE-CAD3-AE32FCCF65F8}.Debug|Any CPU.Build.0 = Debug|Any CPU
		{8E566F49-F70A-32FE-CAD3-AE32FCCF65F8}.Release|Any CPU.ActiveCfg = Release|Any CPU
		{8E566F49-F70A-32FE-CAD3-AE32FCCF65F8}.Release|Any CPU.Build.0 = Release|Any CPU
	EndGlobalSection
	GlobalSection(SolutionProperties) = preSolution
		HideSolutionNode = FALSE
	EndGlobalSection
	GlobalSection(ExtensibilityGlobals) = postSolution
		SolutionGuid = {42FE7F21-4719-4F38-9A65-8EC55978D326}
	EndGlobalSection
EndGlobal
