
Microsoft Visual Studio Solution File, Format Version 12.00
# Visual Studio Version 17
VisualStudioVersion = 17.5.2.0
MinimumVisualStudioVersion = 10.0.40219.1
Project("{FAE04EC0-301F-11D3-BF4B-00C04F79EFBC}") = "Döngüler", "Döngüler.csproj", "{686777AC-0998-BF8F-A9CB-195186CD047B}"
EndProject
Global
	GlobalSection(SolutionConfigurationPlatforms) = preSolution
		Debug|Any CPU = Debug|Any CPU
		Release|Any CPU = Release|Any CPU
	EndGlobalSection
	GlobalSection(ProjectConfigurationPlatforms) = postSolution
		{686777AC-0998-BF8F-A9CB-195186CD047B}.Debug|Any CPU.ActiveCfg = Debug|Any CPU
		{686777AC-0998-BF8F-A9CB-195186CD047B}.Debug|Any CPU.Build.0 = Debug|Any CPU
		{686777AC-0998-BF8F-A9CB-195186CD047B}.Release|Any CPU.ActiveCfg = Release|Any CPU
		{686777AC-0998-BF8F-A9CB-195186CD047B}.Release|Any CPU.Build.0 = Release|Any CPU
	EndGlobalSection
	GlobalSection(SolutionProperties) = preSolution
		HideSolutionNode = FALSE
	EndGlobalSection
	GlobalSection(ExtensibilityGlobals) = postSolution
		SolutionGuid = {DC352B3D-D7C3-4844-B030-45D93278D31B}
	EndGlobalSection
EndGlobal
